// !$*UTF8*$!
{
	archiveVersion = 1;
	classes = {
	};
	objectVersion = 55;
	objects = {

/* Begin PBXBuildFile section */
		6A0791442872BB5300806648 /* AppDelegate.swift in Sources */ = {isa = PBXBuildFile; fileRef = 6A0791432872BB5300806648 /* AppDelegate.swift */; };
		6A0791482872BB5300806648 /* ViewController.swift in Sources */ = {isa = PBXBuildFile; fileRef = 6A0791472872BB5300806648 /* ViewController.swift */; };
		6A07914B2872BB5300806648 /* Main.storyboard in Resources */ = {isa = PBXBuildFile; fileRef = 6A0791492872BB5300806648 /* Main.storyboard */; };
		6A07914D2872BB5700806648 /* Assets.xcassets in Resources */ = {isa = PBXBuildFile; fileRef = 6A07914C2872BB5700806648 /* Assets.xcassets */; };
		6A0791502872BB5700806648 /* LaunchScreen.storyboard in Resources */ = {isa = PBXBuildFile; fileRef = 6A07914E2872BB5700806648 /* LaunchScreen.storyboard */; };
		6A0791592872BCBA00806648 /* MZAuthorizationTool.swift in Sources */ = {isa = PBXBuildFile; fileRef = 6A0791582872BCBA00806648 /* MZAuthorizationTool.swift */; };
		6A07915B2872DFC200806648 /* MZAuthorization.swift in Sources */ = {isa = PBXBuildFile; fileRef = 6A07915A2872DFC200806648 /* MZAuthorization.swift */; };
		6A07915D2873D13E00806648 /* MZPhotoAsset.swift in Sources */ = {isa = PBXBuildFile; fileRef = 6A07915C2873D13E00806648 /* MZPhotoAsset.swift */; };
/* End PBXBuildFile section */

/* Begin PBXFileReference section */
		6A0791402872BB5300806648 /* MZAuthorization.app */ = {isa = PBXFileReference; explicitFileType = wrapper.application; includeInIndex = 0; path = MZAuthorization.app; sourceTree = BUILT_PRODUCTS_DIR; };
		6A0791432872BB5300806648 /* AppDelegate.swift */ = {isa = PBXFileReference; lastKnownFileType = sourcecode.swift; path = AppDelegate.swift; sourceTree = "<group>"; };
		6A0791472872BB5300806648 /* ViewController.swift */ = {isa = PBXFileReference; lastKnownFileType = sourcecode.swift; path = ViewController.swift; sourceTree = "<group>"; };
		6A07914A2872BB5300806648 /* Base */ = {isa = PBXFileReference; lastKnownFileType = file.storyboard; name = Base; path = Base.lproj/Main.storyboard; sourceTree = "<group>"; };
		6A07914C2872BB5700806648 /* Assets.xcassets */ = {isa = PBXFileReference; lastKnownFileType = folder.assetcatalog; path = Assets.xcassets; sourceTree = "<group>"; };
		6A07914F2872BB5700806648 /* Base */ = {isa = PBXFileReference; lastKnownFileType = file.storyboard; name = Base; path = Base.lproj/LaunchScreen.storyboard; sourceTree = "<group>"; };
		6A0791512872BB5700806648 /* Info.plist */ = {isa = PBXFileReference; lastKnownFileType = text.plist.xml; path = Info.plist; sourceTree = "<group>"; };
		6A0791582872BCBA00806648 /* MZAuthorizationTool.swift */ = {isa = PBXFileReference; lastKnownFileType = sourcecode.swift; path = MZAuthorizationTool.swift; sourceTree = "<group>"; };
		6A07915A2872DFC200806648 /* MZAuthorization.swift */ = {isa = PBXFileReference; lastKnownFileType = sourcecode.swift; path = MZAuthorization.swift; sourceTree = "<group>"; };
		6A07915C2873D13E00806648 /* MZPhotoAsset.swift */ = {isa = PBXFileReference; lastKnownFileType = sourcecode.swift; path = MZPhotoAsset.swift; sourceTree = "<group>"; };
/* End PBXFileReference section */

/* Begin PBXFrameworksBuildPhase section */
		6A07913D2872BB5300806648 /* Frameworks */ = {
			isa = PBXFrameworksBuildPhase;
			buildActionMask = 2147483647;
			files = (
			);
			runOnlyForDeploymentPostprocessing = 0;
		};
/* End PBXFrameworksBuildPhase section */

/* Begin PBXGroup section */
		6A0791372872BB5300806648 = {
			isa = PBXGroup;
			children = (
				6A0791422872BB5300806648 /* MZAuthorization */,
				6A0791412872BB5300806648 /* Products */,
			);
			sourceTree = "<group>";
		};
		6A0791412872BB5300806648 /* Products */ = {
			isa = PBXGroup;
			children = (
				6A0791402872BB5300806648 /* MZAuthorization.app */,
			);
			name = Products;
			sourceTree = "<group>";
		};
		6A0791422872BB5300806648 /* MZAuthorization */ = {
			isa = PBXGroup;
			children = (
				6A0791572872BBF400806648 /* MZAuthorization */,
				6A0791432872BB5300806648 /* AppDelegate.swift */,
				6A0791472872BB5300806648 /* ViewController.swift */,
				6A07915C2873D13E00806648 /* MZPhotoAsset.swift */,
				6A0791492872BB5300806648 /* Main.storyboard */,
				6A07914C2872BB5700806648 /* Assets.xcassets */,
				6A07914E2872BB5700806648 /* LaunchScreen.storyboard */,
				6A0791512872BB5700806648 /* Info.plist */,
			);
			path = MZAuthorization;
			sourceTree = "<group>";
		};
		6A0791572872BBF400806648 /* MZAuthorization */ = {
			isa = PBXGroup;
			children = (
				6A0791582872BCBA00806648 /* MZAuthorizationTool.swift */,
				6A07915A2872DFC200806648 /* MZAuthorization.swift */,
			);
			path = MZAuthorization;
			sourceTree = "<group>";
		};
/* End PBXGroup section */

/* Begin PBXNativeTarget section */
		6A07913F2872BB5300806648 /* MZAuthorization */ = {
			isa = PBXNativeTarget;
			buildConfigurationList = 6A0791542872BB5700806648 /* Build configuration list for PBXNativeTarget "MZAuthorization" */;
			buildPhases = (
				6A07913C2872BB5300806648 /* Sources */,
				6A07913D2872BB5300806648 /* Frameworks */,
				6A07913E2872BB5300806648 /* Resources */,
			);
			buildRules = (
			);
			dependencies = (
			);
			name = MZAuthorization;
			productName = MZAuthorization;
			productReference = 6A0791402872BB5300806648 /* MZAuthorization.app */;
			productType = "com.apple.product-type.application";
		};
/* End PBXNativeTarget section */

/* Begin PBXProject section */
		6A0791382872BB5300806648 /* Project object */ = {
			isa = PBXProject;
			attributes = {
				BuildIndependentTargetsInParallel = 1;
				LastSwiftUpdateCheck = 1340;
				LastUpgradeCheck = 1340;
				TargetAttributes = {
					6A07913F2872BB5300806648 = {
						CreatedOnToolsVersion = 13.4.1;
					};
				};
			};
			buildConfigurationList = 6A07913B2872BB5300806648 /* Build configuration list for PBXProject "MZAuthorization" */;
			compatibilityVersion = "Xcode 13.0";
			developmentRegion = en;
			hasScannedForEncodings = 0;
			knownRegions = (
				en,
				Base,
			);
			mainGroup = 6A0791372872BB5300806648;
			productRefGroup = 6A0791412872BB5300806648 /* Products */;
			projectDirPath = "";
			projectRoot = "";
			targets = (
				6A07913F2872BB5300806648 /* MZAuthorization */,
			);
		};
/* End PBXProject section */

/* Begin PBXResourcesBuildPhase section */
		6A07913E2872BB5300806648 /* Resources */ = {
			isa = PBXResourcesBuildPhase;
			buildActionMask = 2147483647;
			files = (
				6A0791502872BB5700806648 /* LaunchScreen.storyboard in Resources */,
				6A07914D2872BB5700806648 /* Assets.xcassets in Resources */,
				6A07914B2872BB5300806648 /* Main.storyboard in Resources */,
			);
			runOnlyForDeploymentPostprocessing = 0;
		};
/* End PBXResourcesBuildPhase section */

/* Begin PBXSourcesBuildPhase section */
		6A07913C2872BB5300806648 /* Sources */ = {
			isa = PBXSourcesBuildPhase;
			buildActionMask = 2147483647;
			files = (
				6A07915B2872DFC200806648 /* MZAuthorization.swift in Sources */,
				6A0791482872BB5300806648 /* ViewController.swift in Sources */,
				6A0791442872BB5300806648 /* AppDelegate.swift in Sources */,
				6A07915D2873D13E00806648 /* MZPhotoAsset.swift in Sources */,
				6A0791592872BCBA00806648 /* MZAuthorizationTool.swift in Sources */,
			);
			runOnlyForDeploymentPostprocessing = 0;
		};
/* End PBXSourcesBuildPhase section */

/* Begin PBXVariantGroup section */
		6A0791492872BB5300806648 /* Main.storyboard */ = {
			isa = PBXVariantGroup;
			children = (
				6A07914A2872BB5300806648 /* Base */,
			);
			name = Main.storyboard;
			sourceTree = "<group>";
		};
		6A07914E2872BB5700806648 /* LaunchScreen.storyboard */ = {
			isa = PBXVariantGroup;
			children = (
				6A07914F2872BB5700806648 /* Base */,
			);
			name = LaunchScreen.storyboard;
			sourceTree = "<group>";
		};
/* End PBXVariantGroup section */

/* Begin XCBuildConfiguration section */
		6A0791522872BB5700806648 /* Debug */ = {
			isa = XCBuildConfiguration;
			buildSettings = {
				ALWAYS_SEARCH_USER_PATHS = NO;
				CLANG_ANALYZER_NONNULL = YES;
				CLANG_ANALYZER_NUMBER_OBJECT_CONVERSION = YES_AGGRESSIVE;
				CLANG_CXX_LANGUAGE_STANDARD = "gnu++17";
				CLANG_ENABLE_MODULES = YES;
				CLANG_ENABLE_OBJC_ARC = YES;
				CLANG_ENABLE_OBJC_WEAK = YES;
				CLANG_WARN_BLOCK_CAPTURE_AUTORELEASING = YES;
				CLANG_WARN_BOOL_CONVERSION = YES;
				CLANG_WARN_COMMA = YES;
				CLANG_WARN_CONSTANT_CONVERSION = YES;
				CLANG_WARN_DEPRECATED_OBJC_IMPLEMENTATIONS = YES;
				CLANG_WARN_DIRECT_OBJC_ISA_USAGE = YES_ERROR;
				CLANG_WARN_DOCUMENTATION_COMMENTS = YES;
				CLANG_WARN_EMPTY_BODY = YES;
				CLANG_WARN_ENUM_CONVERSION = YES;
				CLANG_WARN_INFINITE_RECURSION = YES;
				CLANG_WARN_INT_CONVERSION = YES;
				CLANG_WARN_NON_LITERAL_NULL_CONVERSION = YES;
				CLANG_WARN_OBJC_IMPLICIT_RETAIN_SELF = YES;
				CLANG_WARN_OBJC_LITERAL_CONVERSION = YES;
				CLANG_WARN_OBJC_ROOT_CLASS = YES_ERROR;
				CLANG_WARN_QUOTED_INCLUDE_IN_FRAMEWORK_HEADER = YES;
				CLANG_WARN_RANGE_LOOP_ANALYSIS = YES;
				CLANG_WARN_STRICT_PROTOTYPES = YES;
				CLANG_WARN_SUSPICIOUS_MOVE = YES;
				CLANG_WARN_UNGUARDED_AVAILABILITY = YES_AGGRESSIVE;
				CLANG_WARN_UNREACHABLE_CODE = YES;
				CLANG_WARN__DUPLICATE_METHOD_MATCH = YES;
				COPY_PHASE_STRIP = NO;
				DEBUG_INFORMATION_FORMAT = dwarf;
				ENABLE_STRICT_OBJC_MSGSEND = YES;
				ENABLE_TESTABILITY = YES;
				GCC_C_LANGUAGE_STANDARD = gnu11;
				GCC_DYNAMIC_NO_PIC = NO;
				GCC_NO_COMMON_BLOCKS = YES;
				GCC_OPTIMIZATION_LEVEL = 0;
				GCC_PREPROCESSOR_DEFINITIONS = (
					"DEBUG=1",
					"$(inherited)",
				);
				GCC_WARN_64_TO_32_BIT_CONVERSION = YES;
				GCC_WARN_ABOUT_RETURN_TYPE = YES_ERROR;
				GCC_WARN_UNDECLARED_SELECTOR = YES;
				GCC_WARN_UNINITIALIZED_AUTOS = YES_AGGRESSIVE;
				GCC_WARN_UNUSED_FUNCTION = YES;
				GCC_WARN_UNUSED_VARIABLE = YES;
				IPHONEOS_DEPLOYMENT_TARGET = 15.5;
				MTL_ENABLE_DEBUG_INFO = INCLUDE_SOURCE;
				MTL_FAST_MATH = YES;
				ONLY_ACTIVE_ARCH = YES;
				SDKROOT = iphoneos;
				SWIFT_ACTIVE_COMPILATION_CONDITIONS = DEBUG;
				SWIFT_OPTIMIZATION_LEVEL = "-Onone";
			};
			name = Debug;
		};
		6A0791532872BB5700806648 /* Release */ = {
			isa = XCBuildConfiguration;
			buildSettings = {
				ALWAYS_SEARCH_USER_PATHS = NO;
				CLANG_ANALYZER_NONNULL = YES;
				CLANG_ANALYZER_NUMBER_OBJECT_CONVERSION = YES_AGGRESSIVE;
				CLANG_CXX_LANGUAGE_STANDARD = "gnu++17";
				CLANG_ENABLE_MODULES = YES;
				CLANG_ENABLE_OBJC_ARC = YES;
				CLANG_ENABLE_OBJC_WEAK = YES;
				CLANG_WARN_BLOCK_CAPTURE_AUTORELEASING = YES;
				CLANG_WARN_BOOL_CONVERSION = YES;
				CLANG_WARN_COMMA = YES;
				CLANG_WARN_CONSTANT_CONVERSION = YES;
				CLANG_WARN_DEPRECATED_OBJC_IMPLEMENTATIONS = YES;
				CLANG_WARN_DIRECT_OBJC_ISA_USAGE = YES_ERROR;
				CLANG_WARN_DOCUMENTATION_COMMENTS = YES;
				CLANG_WARN_EMPTY_BODY = YES;
				CLANG_WARN_ENUM_CONVERSION = YES;
				CLANG_WARN_INFINITE_RECURSION = YES;
				CLANG_WARN_INT_CONVERSION = YES;
				CLANG_WARN_NON_LITERAL_NULL_CONVERSION = YES;
				CLANG_WARN_OBJC_IMPLICIT_RETAIN_SELF = YES;
				CLANG_WARN_OBJC_LITERAL_CONVERSION = YES;
				CLANG_WARN_OBJC_ROOT_CLASS = YES_ERROR;
				CLANG_WARN_QUOTED_INCLUDE_IN_FRAMEWORK_HEADER = YES;
				CLANG_WARN_RANGE_LOOP_ANALYSIS = YES;
				CLANG_WARN_STRICT_PROTOTYPES = YES;
				CLANG_WARN_SUSPICIOUS_MOVE = YES;
				CLANG_WARN_UNGUARDED_AVAILABILITY = YES_AGGRESSIVE;
				CLANG_WARN_UNREACHABLE_CODE = YES;
				CLANG_WARN__DUPLICATE_METHOD_MATCH = YES;
				COPY_PHASE_STRIP = NO;
				DEBUG_INFORMATION_FORMAT = "dwarf-with-dsym";
				ENABLE_NS_ASSERTIONS = NO;
				ENABLE_STRICT_OBJC_MSGSEND = YES;
				GCC_C_LANGUAGE_STANDARD = gnu11;
				GCC_NO_COMMON_BLOCKS = YES;
				GCC_WARN_64_TO_32_BIT_CONVERSION = YES;
				GCC_WARN_ABOUT_RETURN_TYPE = YES_ERROR;
				GCC_WARN_UNDECLARED_SELECTOR = YES;
				GCC_WARN_UNINITIALIZED_AUTOS = YES_AGGRESSIVE;
				GCC_WARN_UNUSED_FUNCTION = YES;
				GCC_WARN_UNUSED_VARIABLE = YES;
				IPHONEOS_DEPLOYMENT_TARGET = 15.5;
				MTL_ENABLE_DEBUG_INFO = NO;
				MTL_FAST_MATH = YES;
				SDKROOT = iphoneos;
				SWIFT_COMPILATION_MODE = wholemodule;
				SWIFT_OPTIMIZATION_LEVEL = "-O";
				VALIDATE_PRODUCT = YES;
			};
			name = Release;
		};
		6A0791552872BB5700806648 /* Debug */ = {
			isa = XCBuildConfiguration;
			buildSettings = {
				ASSETCATALOG_COMPILER_APPICON_NAME = AppIcon;
				ASSETCATALOG_COMPILER_GLOBAL_ACCENT_COLOR_NAME = AccentColor;
				CODE_SIGN_STYLE = Automatic;
				CURRENT_PROJECT_VERSION = 1;
				DEVELOPMENT_TEAM = 8JD3VFVV9F;
				GENERATE_INFOPLIST_FILE = YES;
				INFOPLIST_FILE = MZAuthorization/Info.plist;
				INFOPLIST_KEY_CFBundleDisplayName = MZAuthorization;
				INFOPLIST_KEY_NSBluetoothAlwaysUsageDescription = "搜索蓝牙设备需要使用到蓝牙权限";
				INFOPLIST_KEY_NSCalendarsUsageDescription = "添加提醒需要使用到日历权限";
				INFOPLIST_KEY_NSCameraUsageDescription = "拍照需要使用相机权限";
				INFOPLIST_KEY_NSContactsUsageDescription = "获取联系人方式需要使用到通讯录权限";
				INFOPLIST_KEY_NSLocationAlwaysAndWhenInUseUsageDescription = "定位需要使用到定位权限";
				INFOPLIST_KEY_NSLocationAlwaysUsageDescription = "定位需要使用到定位权限";
				INFOPLIST_KEY_NSLocationWhenInUseUsageDescription = "定位需要使用到定位权限";
				INFOPLIST_KEY_NSMicrophoneUsageDescription = "语音通话需要使用麦克风权限";
				INFOPLIST_KEY_NSPhotoLibraryAddUsageDescription = "保存图片需要使用到相册权限";
				INFOPLIST_KEY_NSPhotoLibraryUsageDescription = "选择照片需要使用相册权限";
				INFOPLIST_KEY_NSRemindersUsageDescription = "添加提醒需要使用提醒事项权限";
				INFOPLIST_KEY_UIApplicationSupportsIndirectInputEvents = YES;
				INFOPLIST_KEY_UILaunchStoryboardName = LaunchScreen;
				INFOPLIST_KEY_UIMainStoryboardFile = Main;
				INFOPLIST_KEY_UISupportedInterfaceOrientations_iPad = "UIInterfaceOrientationPortrait UIInterfaceOrientationPortraitUpsideDown UIInterfaceOrientationLandscapeLeft UIInterfaceOrientationLandscapeRight";
				INFOPLIST_KEY_UISupportedInterfaceOrientations_iPhone = "UIInterfaceOrientationPortrait UIInterfaceOrientationLandscapeLeft UIInterfaceOrientationLandscapeRight";
				IPHONEOS_DEPLOYMENT_TARGET = 9.0;
				LD_RUNPATH_SEARCH_PATHS = (
					"$(inherited)",
					"@executable_path/Frameworks",
				);
				MARKETING_VERSION = 1.0;
				PRODUCT_BUNDLE_IDENTIFIER = com.mz.MZAuthorization;
				PRODUCT_NAME = "$(TARGET_NAME)";
				SWIFT_EMIT_LOC_STRINGS = YES;
				SWIFT_VERSION = 5.0;
				TARGETED_DEVICE_FAMILY = "1,2";
			};
			name = Debug;
		};
		6A0791562872BB5700806648 /* Release */ = {
			isa = XCBuildConfiguration;
			buildSettings = {
				ASSETCATALOG_COMPILER_APPICON_NAME = AppIcon;
				ASSETCATALOG_COMPILER_GLOBAL_ACCENT_COLOR_NAME = AccentColor;
				CODE_SIGN_STYLE = Automatic;
				CURRENT_PROJECT_VERSION = 1;
				DEVELOPMENT_TEAM = 8JD3VFVV9F;
				GENERATE_INFOPLIST_FILE = YES;
				INFOPLIST_FILE = MZAuthorization/Info.plist;
				INFOPLIST_KEY_CFBundleDisplayName = MZAuthorization;
				INFOPLIST_KEY_NSBluetoothAlwaysUsageDescription = "搜索蓝牙设备需要使用到蓝牙权限";
				INFOPLIST_KEY_NSCalendarsUsageDescription = "添加提醒需要使用到日历权限";
				INFOPLIST_KEY_NSCameraUsageDescription = "拍照需要使用相机权限";
				INFOPLIST_KEY_NSContactsUsageDescription = "获取联系人方式需要使用到通讯录权限";
				INFOPLIST_KEY_NSLocationAlwaysAndWhenInUseUsageDescription = "定位需要使用到定位权限";
				INFOPLIST_KEY_NSLocationAlwaysUsageDescription = "定位需要使用到定位权限";
				INFOPLIST_KEY_NSLocationWhenInUseUsageDescription = "定位需要使用到定位权限";
				INFOPLIST_KEY_NSMicrophoneUsageDescription = "语音通话需要使用麦克风权限";
				INFOPLIST_KEY_NSPhotoLibraryAddUsageDescription = "保存图片需要使用到相册权限";
				INFOPLIST_KEY_NSPhotoLibraryUsageDescription = "选择照片需要使用相册权限";
				INFOPLIST_KEY_NSRemindersUsageDescription = "添加提醒需要使用提醒事项权限";
				INFOPLIST_KEY_UIApplicationSupportsIndirectInputEvents = YES;
				INFOPLIST_KEY_UILaunchStoryboardName = LaunchScreen;
				INFOPLIST_KEY_UIMainStoryboardFile = Main;
				INFOPLIST_KEY_UISupportedInterfaceOrientations_iPad = "UIInterfaceOrientationPortrait UIInterfaceOrientationPortraitUpsideDown UIInterfaceOrientationLandscapeLeft UIInterfaceOrientationLandscapeRight";
				INFOPLIST_KEY_UISupportedInterfaceOrientations_iPhone = "UIInterfaceOrientationPortrait UIInterfaceOrientationLandscapeLeft UIInterfaceOrientationLandscapeRight";
				IPHONEOS_DEPLOYMENT_TARGET = 9.0;
				LD_RUNPATH_SEARCH_PATHS = (
					"$(inherited)",
					"@executable_path/Frameworks",
				);
				MARKETING_VERSION = 1.0;
				PRODUCT_BUNDLE_IDENTIFIER = com.mz.MZAuthorization;
				PRODUCT_NAME = "$(TARGET_NAME)";
				SWIFT_EMIT_LOC_STRINGS = YES;
				SWIFT_VERSION = 5.0;
				TARGETED_DEVICE_FAMILY = "1,2";
			};
			name = Release;
		};
/* End XCBuildConfiguration section */

/* Begin XCConfigurationList section */
		6A07913B2872BB5300806648 /* Build configuration list for PBXProject "MZAuthorization" */ = {
			isa = XCConfigurationList;
			buildConfigurations = (
				6A0791522872BB5700806648 /* Debug */,
				6A0791532872BB5700806648 /* Release */,
			);
			defaultConfigurationIsVisible = 0;
			defaultConfigurationName = Release;
		};
		6A0791542872BB5700806648 /* Build configuration list for PBXNativeTarget "MZAuthorization" */ = {
			isa = XCConfigurationList;
			buildConfigurations = (
				6A0791552872BB5700806648 /* Debug */,
				6A0791562872BB5700806648 /* Release */,
			);
			defaultConfigurationIsVisible = 0;
			defaultConfigurationName = Release;
		};
/* End XCConfigurationList section */
	};
	rootObject = 6A0791382872BB5300806648 /* Project object */;
}
